
Microsoft Visual Studio Solution File, Format Version 12.00
# Visual Studio Version 17
VisualStudioVersion = 17.9.34723.18
MinimumVisualStudioVersion = 10.0.40219.1
Project("{FAE04EC0-301F-11D3-BF4B-00C04F79EFBC}") = "UniversalColorTranslator.API", "UniversalColorTranslator.API\UniversalColorTranslator.API.csproj", "{EEC22532-2736-4DDA-BFAF-BA6E84ED1549}"
EndProject
Project("{FAE04EC0-301F-11D3-BF4B-00C04F79EFBC}") = "UniversalColorTranslator.Tests", "UniversalColorTranslator.Tests\UniversalColorTranslator.Tests.csproj", "{220F7CBD-24A6-4817-870F-822E0A185788}"
	ProjectSection(ProjectDependencies) = postProject
		{EEC22532-2736-4DDA-BFAF-BA6E84ED1549} = {EEC22532-2736-4DDA-BFAF-BA6E84ED1549}
	EndProjectSection
EndProject
Global
	GlobalSection(SolutionConfigurationPlatforms) = preSolution
		Debug|Any CPU = Debug|Any CPU
		Release|Any CPU = Release|Any CPU
	EndGlobalSection
	GlobalSection(ProjectConfigurationPlatforms) = postSolution
		{EEC22532-2736-4DDA-BFAF-BA6E84ED1549}.Debug|Any CPU.ActiveCfg = Debug|Any CPU
		{EEC22532-2736-4DDA-BFAF-BA6E84ED1549}.Debug|Any CPU.Build.0 = Debug|Any CPU
		{EEC22532-2736-4DDA-BFAF-BA6E84ED1549}.Release|Any CPU.ActiveCfg = Release|Any CPU
		{EEC22532-2736-4DDA-BFAF-BA6E84ED1549}.Release|Any CPU.Build.0 = Release|Any CPU
		{220F7CBD-24A6-4817-870F-822E0A185788}.Debug|Any CPU.ActiveCfg = Debug|Any CPU
		{220F7CBD-24A6-4817-870F-822E0A185788}.Debug|Any CPU.Build.0 = Debug|Any CPU
		{220F7CBD-24A6-4817-870F-822E0A185788}.Release|Any CPU.ActiveCfg = Release|Any CPU
		{220F7CBD-24A6-4817-870F-822E0A185788}.Release|Any CPU.Build.0 = Release|Any CPU
	EndGlobalSection
	GlobalSection(SolutionProperties) = preSolution
		HideSolutionNode = FALSE
	EndGlobalSection
	GlobalSection(ExtensibilityGlobals) = postSolution
		SolutionGuid = {492D9F09-CF2A-4FB9-88F0-E04D15F6B8E0}
	EndGlobalSection
EndGlobal
